
Microsoft Visual Studio Solution File, Format Version 12.00
# Visual Studio 2013
VisualStudioVersion = 12.0.21005.1
MinimumVisualStudioVersion = 10.0.40219.1
Project("{FAE04EC0-301F-11D3-BF4B-00C04F79EFBC}") = "iMarket", "iMarket\iMarket.csproj", "{B96C362A-0790-41C6-A561-9AF4D835681D}"
EndProject
Project("{FAE04EC0-301F-11D3-BF4B-00C04F79EFBC}") = "BAL", "BAL\BAL.csproj", "{C1994D00-E59A-45F4-AAE5-BC4DADC38F90}"
EndProject
Project("{FAE04EC0-301F-11D3-BF4B-00C04F79EFBC}") = "DAL", "DAL\DAL.csproj", "{7F95A6A2-ED32-4FE3-97AB-AF839B32A68B}"
EndProject
Project("{FAE04EC0-301F-11D3-BF4B-00C04F79EFBC}") = "COMMON", "COMMON\COMMON.csproj", "{BDCE7B19-BFE1-4E74-9229-9D447DC4DDD1}"
EndProject
Global
	GlobalSection(SolutionConfigurationPlatforms) = preSolution
		Debug|Any CPU = Debug|Any CPU
		Release|Any CPU = Release|Any CPU
	EndGlobalSection
	GlobalSection(ProjectConfigurationPlatforms) = postSolution
		{B96C362A-0790-41C6-A561-9AF4D835681D}.Debug|Any CPU.ActiveCfg = Debug|Any CPU
		{B96C362A-0790-41C6-A561-9AF4D835681D}.Debug|Any CPU.Build.0 = Debug|Any CPU
		{B96C362A-0790-41C6-A561-9AF4D835681D}.Release|Any CPU.ActiveCfg = Release|Any CPU
		{B96C362A-0790-41C6-A561-9AF4D835681D}.Release|Any CPU.Build.0 = Release|Any CPU
		{C1994D00-E59A-45F4-AAE5-BC4DADC38F90}.Debug|Any CPU.ActiveCfg = Debug|Any CPU
		{C1994D00-E59A-45F4-AAE5-BC4DADC38F90}.Debug|Any CPU.Build.0 = Debug|Any CPU
		{C1994D00-E59A-45F4-AAE5-BC4DADC38F90}.Release|Any CPU.ActiveCfg = Release|Any CPU
		{C1994D00-E59A-45F4-AAE5-BC4DADC38F90}.Release|Any CPU.Build.0 = Release|Any CPU
		{7F95A6A2-ED32-4FE3-97AB-AF839B32A68B}.Debug|Any CPU.ActiveCfg = Debug|Any CPU
		{7F95A6A2-ED32-4FE3-97AB-AF839B32A68B}.Debug|Any CPU.Build.0 = Debug|Any CPU
		{7F95A6A2-ED32-4FE3-97AB-AF839B32A68B}.Release|Any CPU.ActiveCfg = Release|Any CPU
		{7F95A6A2-ED32-4FE3-97AB-AF839B32A68B}.Release|Any CPU.Build.0 = Release|Any CPU
		{BDCE7B19-BFE1-4E74-9229-9D447DC4DDD1}.Debug|Any CPU.ActiveCfg = Debug|Any CPU
		{BDCE7B19-BFE1-4E74-9229-9D447DC4DDD1}.Debug|Any CPU.Build.0 = Debug|Any CPU
		{BDCE7B19-BFE1-4E74-9229-9D447DC4DDD1}.Release|Any CPU.ActiveCfg = Release|Any CPU
		{BDCE7B19-BFE1-4E74-9229-9D447DC4DDD1}.Release|Any CPU.Build.0 = Release|Any CPU
	EndGlobalSection
	GlobalSection(SolutionProperties) = preSolution
		HideSolutionNode = FALSE
	EndGlobalSection
EndGlobal
